
Microsoft Visual Studio Solution File, Format Version 12.00
# Visual Studio Version 17
VisualStudioVersion = 17.7.34031.279
MinimumVisualStudioVersion = 10.0.40219.1
Project("{9A19103F-16F7-4668-BE54-9A1E7A4F7556}") = "FarmsAPI", "FarmsAPI\FarmsAPI.csproj", "{883EBD3C-4F13-4A61-A2AF-4DC39A9573B0}"
EndProject
Project("{E53339B2-1760-4266-BCC7-CA923CBCF16C}") = "docker-compose", "docker-compose.dcproj", "{47E1E39F-CA68-4E00-97C2-39E335DDA9FF}"
EndProject
Project("{9A19103F-16F7-4668-BE54-9A1E7A4F7556}") = "AnimalsAPI", "AnimalsAPI\AnimalsAPI.csproj", "{51419FCC-D6D7-42B1-A7B1-47EF9DF0B45C}"
EndProject
Project("{9A19103F-16F7-4668-BE54-9A1E7A4F7556}") = "DummyAPI", "DummyAPI\DummyAPI.csproj", "{25D7852F-DC4B-4F80-9EA2-CEFBB66E89A2}"
EndProject
Project("{2150E333-8FDC-42A3-9474-1A3956D46DE8}") = "Solution Items", "Solution Items", "{F10BAF16-D5BC-466B-ACDB-9665C967918F}"
	ProjectSection(SolutionItems) = preProject
		comments.txt = comments.txt
	EndProjectSection
EndProject
Project("{2150E333-8FDC-42A3-9474-1A3956D46DE8}") = "src", "src", "{745CF528-899E-4C26-ACA7-6B85B2ED6DA4}"
EndProject
Project("{2150E333-8FDC-42A3-9474-1A3956D46DE8}") = "Services", "Services", "{084CA8C8-AEAB-4EA1-B756-9969C49DEE97}"
EndProject
Project("{2150E333-8FDC-42A3-9474-1A3956D46DE8}") = "Animal", "Animal", "{526A3668-70F6-460B-9E6E-55FC818BBCC5}"
EndProject
Project("{9A19103F-16F7-4668-BE54-9A1E7A4F7556}") = "Animal.API", "src\Services\Animal\Animal.API\Animal.API.csproj", "{A907E84C-94E7-4442-ACB9-CC6F898D7A74}"
EndProject
Project("{2150E333-8FDC-42A3-9474-1A3956D46DE8}") = "Production", "Production", "{5CE66264-89B6-41F7-8D59-CAB398B31655}"
EndProject
Project("{2150E333-8FDC-42A3-9474-1A3956D46DE8}") = "SireCatalog", "SireCatalog", "{AA3C8CEE-8C2F-461F-8D2E-23F592F0C05B}"
EndProject
Project("{2150E333-8FDC-42A3-9474-1A3956D46DE8}") = "Occurrence", "Occurrence", "{2237A1D7-45B0-4A69-8D77-064ABB9F4419}"
EndProject
Project("{9A19103F-16F7-4668-BE54-9A1E7A4F7556}") = "Production.API", "src\Services\Production\Production.API\Production.API.csproj", "{C2BED32F-4D64-4F07-9CAB-A33B051962FF}"
EndProject
Project("{FAE04EC0-301F-11D3-BF4B-00C04F79EFBC}") = "Production.UnitTests", "src\Services\Production\Production.UnitTests\Production.UnitTests.csproj", "{B6B7E77F-B294-4DBD-A29D-F7C1560798C8}"
EndProject
Global
	GlobalSection(SolutionConfigurationPlatforms) = preSolution
		Debug|Any CPU = Debug|Any CPU
		Release|Any CPU = Release|Any CPU
	EndGlobalSection
	GlobalSection(ProjectConfigurationPlatforms) = postSolution
		{883EBD3C-4F13-4A61-A2AF-4DC39A9573B0}.Debug|Any CPU.ActiveCfg = Debug|Any CPU
		{883EBD3C-4F13-4A61-A2AF-4DC39A9573B0}.Debug|Any CPU.Build.0 = Debug|Any CPU
		{883EBD3C-4F13-4A61-A2AF-4DC39A9573B0}.Release|Any CPU.ActiveCfg = Release|Any CPU
		{883EBD3C-4F13-4A61-A2AF-4DC39A9573B0}.Release|Any CPU.Build.0 = Release|Any CPU
		{47E1E39F-CA68-4E00-97C2-39E335DDA9FF}.Debug|Any CPU.ActiveCfg = Debug|Any CPU
		{47E1E39F-CA68-4E00-97C2-39E335DDA9FF}.Debug|Any CPU.Build.0 = Debug|Any CPU
		{47E1E39F-CA68-4E00-97C2-39E335DDA9FF}.Release|Any CPU.ActiveCfg = Release|Any CPU
		{47E1E39F-CA68-4E00-97C2-39E335DDA9FF}.Release|Any CPU.Build.0 = Release|Any CPU
		{51419FCC-D6D7-42B1-A7B1-47EF9DF0B45C}.Debug|Any CPU.ActiveCfg = Debug|Any CPU
		{51419FCC-D6D7-42B1-A7B1-47EF9DF0B45C}.Debug|Any CPU.Build.0 = Debug|Any CPU
		{51419FCC-D6D7-42B1-A7B1-47EF9DF0B45C}.Release|Any CPU.ActiveCfg = Release|Any CPU
		{51419FCC-D6D7-42B1-A7B1-47EF9DF0B45C}.Release|Any CPU.Build.0 = Release|Any CPU
		{25D7852F-DC4B-4F80-9EA2-CEFBB66E89A2}.Debug|Any CPU.ActiveCfg = Debug|Any CPU
		{25D7852F-DC4B-4F80-9EA2-CEFBB66E89A2}.Debug|Any CPU.Build.0 = Debug|Any CPU
		{25D7852F-DC4B-4F80-9EA2-CEFBB66E89A2}.Release|Any CPU.ActiveCfg = Release|Any CPU
		{25D7852F-DC4B-4F80-9EA2-CEFBB66E89A2}.Release|Any CPU.Build.0 = Release|Any CPU
		{A907E84C-94E7-4442-ACB9-CC6F898D7A74}.Debug|Any CPU.ActiveCfg = Debug|Any CPU
		{A907E84C-94E7-4442-ACB9-CC6F898D7A74}.Debug|Any CPU.Build.0 = Debug|Any CPU
		{A907E84C-94E7-4442-ACB9-CC6F898D7A74}.Release|Any CPU.ActiveCfg = Release|Any CPU
		{A907E84C-94E7-4442-ACB9-CC6F898D7A74}.Release|Any CPU.Build.0 = Release|Any CPU
		{C2BED32F-4D64-4F07-9CAB-A33B051962FF}.Debug|Any CPU.ActiveCfg = Debug|Any CPU
		{C2BED32F-4D64-4F07-9CAB-A33B051962FF}.Debug|Any CPU.Build.0 = Debug|Any CPU
		{C2BED32F-4D64-4F07-9CAB-A33B051962FF}.Release|Any CPU.ActiveCfg = Release|Any CPU
		{C2BED32F-4D64-4F07-9CAB-A33B051962FF}.Release|Any CPU.Build.0 = Release|Any CPU
		{B6B7E77F-B294-4DBD-A29D-F7C1560798C8}.Debug|Any CPU.ActiveCfg = Debug|Any CPU
		{B6B7E77F-B294-4DBD-A29D-F7C1560798C8}.Debug|Any CPU.Build.0 = Debug|Any CPU
		{B6B7E77F-B294-4DBD-A29D-F7C1560798C8}.Release|Any CPU.ActiveCfg = Release|Any CPU
		{B6B7E77F-B294-4DBD-A29D-F7C1560798C8}.Release|Any CPU.Build.0 = Release|Any CPU
	EndGlobalSection
	GlobalSection(SolutionProperties) = preSolution
		HideSolutionNode = FALSE
	EndGlobalSection
	GlobalSection(NestedProjects) = preSolution
		{084CA8C8-AEAB-4EA1-B756-9969C49DEE97} = {745CF528-899E-4C26-ACA7-6B85B2ED6DA4}
		{526A3668-70F6-460B-9E6E-55FC818BBCC5} = {084CA8C8-AEAB-4EA1-B756-9969C49DEE97}
		{A907E84C-94E7-4442-ACB9-CC6F898D7A74} = {526A3668-70F6-460B-9E6E-55FC818BBCC5}
		{5CE66264-89B6-41F7-8D59-CAB398B31655} = {084CA8C8-AEAB-4EA1-B756-9969C49DEE97}
		{AA3C8CEE-8C2F-461F-8D2E-23F592F0C05B} = {084CA8C8-AEAB-4EA1-B756-9969C49DEE97}
		{2237A1D7-45B0-4A69-8D77-064ABB9F4419} = {084CA8C8-AEAB-4EA1-B756-9969C49DEE97}
		{C2BED32F-4D64-4F07-9CAB-A33B051962FF} = {5CE66264-89B6-41F7-8D59-CAB398B31655}
		{B6B7E77F-B294-4DBD-A29D-F7C1560798C8} = {5CE66264-89B6-41F7-8D59-CAB398B31655}
	EndGlobalSection
	GlobalSection(ExtensibilityGlobals) = postSolution
		SolutionGuid = {1E717E68-FB97-477C-A539-6D95A19C11A9}
	EndGlobalSection
EndGlobal
