
Microsoft Visual Studio Solution File, Format Version 12.00
# Visual Studio Version 17
VisualStudioVersion = 17.7.34031.279
MinimumVisualStudioVersion = 10.0.40219.1
Project("{9A19103F-16F7-4668-BE54-9A1E7A4F7556}") = "FarmsAPI", "FarmsAPI\FarmsAPI.csproj", "{883EBD3C-4F13-4A61-A2AF-4DC39A9573B0}"
EndProject
Project("{E53339B2-1760-4266-BCC7-CA923CBCF16C}") = "docker-compose", "docker-compose.dcproj", "{47E1E39F-CA68-4E00-97C2-39E335DDA9FF}"
EndProject
Project("{9A19103F-16F7-4668-BE54-9A1E7A4F7556}") = "AnimalsAPI", "AnimalsAPI\AnimalsAPI.csproj", "{51419FCC-D6D7-42B1-A7B1-47EF9DF0B45C}"
EndProject
Project("{9A19103F-16F7-4668-BE54-9A1E7A4F7556}") = "DummyAPI", "DummyAPI\DummyAPI.csproj", "{A50C99CB-B195-4279-8CC2-63C8593D5245}"
EndProject
Global
	GlobalSection(SolutionConfigurationPlatforms) = preSolution
		Debug|Any CPU = Debug|Any CPU
		Release|Any CPU = Release|Any CPU
	EndGlobalSection
	GlobalSection(ProjectConfigurationPlatforms) = postSolution
		{883EBD3C-4F13-4A61-A2AF-4DC39A9573B0}.Debug|Any CPU.ActiveCfg = Debug|Any CPU
		{883EBD3C-4F13-4A61-A2AF-4DC39A9573B0}.Debug|Any CPU.Build.0 = Debug|Any CPU
		{883EBD3C-4F13-4A61-A2AF-4DC39A9573B0}.Release|Any CPU.ActiveCfg = Release|Any CPU
		{883EBD3C-4F13-4A61-A2AF-4DC39A9573B0}.Release|Any CPU.Build.0 = Release|Any CPU
		{47E1E39F-CA68-4E00-97C2-39E335DDA9FF}.Debug|Any CPU.ActiveCfg = Debug|Any CPU
		{47E1E39F-CA68-4E00-97C2-39E335DDA9FF}.Debug|Any CPU.Build.0 = Debug|Any CPU
		{47E1E39F-CA68-4E00-97C2-39E335DDA9FF}.Release|Any CPU.ActiveCfg = Release|Any CPU
		{47E1E39F-CA68-4E00-97C2-39E335DDA9FF}.Release|Any CPU.Build.0 = Release|Any CPU
		{51419FCC-D6D7-42B1-A7B1-47EF9DF0B45C}.Debug|Any CPU.ActiveCfg = Debug|Any CPU
		{51419FCC-D6D7-42B1-A7B1-47EF9DF0B45C}.Debug|Any CPU.Build.0 = Debug|Any CPU
		{51419FCC-D6D7-42B1-A7B1-47EF9DF0B45C}.Release|Any CPU.ActiveCfg = Release|Any CPU
		{51419FCC-D6D7-42B1-A7B1-47EF9DF0B45C}.Release|Any CPU.Build.0 = Release|Any CPU
		{A50C99CB-B195-4279-8CC2-63C8593D5245}.Debug|Any CPU.ActiveCfg = Debug|Any CPU
		{A50C99CB-B195-4279-8CC2-63C8593D5245}.Debug|Any CPU.Build.0 = Debug|Any CPU
		{A50C99CB-B195-4279-8CC2-63C8593D5245}.Release|Any CPU.ActiveCfg = Release|Any CPU
		{A50C99CB-B195-4279-8CC2-63C8593D5245}.Release|Any CPU.Build.0 = Release|Any CPU
	EndGlobalSection
	GlobalSection(SolutionProperties) = preSolution
		HideSolutionNode = FALSE
	EndGlobalSection
	GlobalSection(ExtensibilityGlobals) = postSolution
		SolutionGuid = {1E717E68-FB97-477C-A539-6D95A19C11A9}
	EndGlobalSection
EndGlobal
